
Microsoft Visual Studio Solution File, Format Version 12.00
# Visual Studio Version 16
VisualStudioVersion = 16.0.31624.102
MinimumVisualStudioVersion = 10.0.40219.1
Project("{FAE04EC0-301F-11D3-BF4B-00C04F79EFBC}") = "ServerChat", "ServerChat\ServerChat.csproj", "{0E0DC8DF-8F0B-4FC4-8812-E902A4698956}"
EndProject
Project("{FAE04EC0-301F-11D3-BF4B-00C04F79EFBC}") = "ClientChat", "ClientChat\ClientChat.csproj", "{699FB6DD-B35D-4084-9FA9-3BE1771A0975}"
EndProject
Project("{FAE04EC0-301F-11D3-BF4B-00C04F79EFBC}") = "testVoice", "testVoice\testVoice.csproj", "{C73D5029-4D48-4443-BD22-6F10E8494E1E}"
EndProject
Project("{FAE04EC0-301F-11D3-BF4B-00C04F79EFBC}") = "Đrl", "Đrl\Đrl.csproj", "{D95A4084-65DC-48EC-9E63-6ED2A9C206C5}"
EndProject
Global
	GlobalSection(SolutionConfigurationPlatforms) = preSolution
		Debug|Any CPU = Debug|Any CPU
		Release|Any CPU = Release|Any CPU
	EndGlobalSection
	GlobalSection(ProjectConfigurationPlatforms) = postSolution
		{0E0DC8DF-8F0B-4FC4-8812-E902A4698956}.Debug|Any CPU.ActiveCfg = Debug|Any CPU
		{0E0DC8DF-8F0B-4FC4-8812-E902A4698956}.Debug|Any CPU.Build.0 = Debug|Any CPU
		{0E0DC8DF-8F0B-4FC4-8812-E902A4698956}.Release|Any CPU.ActiveCfg = Release|Any CPU
		{0E0DC8DF-8F0B-4FC4-8812-E902A4698956}.Release|Any CPU.Build.0 = Release|Any CPU
		{699FB6DD-B35D-4084-9FA9-3BE1771A0975}.Debug|Any CPU.ActiveCfg = Debug|Any CPU
		{699FB6DD-B35D-4084-9FA9-3BE1771A0975}.Debug|Any CPU.Build.0 = Debug|Any CPU
		{699FB6DD-B35D-4084-9FA9-3BE1771A0975}.Release|Any CPU.ActiveCfg = Release|Any CPU
		{699FB6DD-B35D-4084-9FA9-3BE1771A0975}.Release|Any CPU.Build.0 = Release|Any CPU
		{C73D5029-4D48-4443-BD22-6F10E8494E1E}.Debug|Any CPU.ActiveCfg = Debug|Any CPU
		{C73D5029-4D48-4443-BD22-6F10E8494E1E}.Debug|Any CPU.Build.0 = Debug|Any CPU
		{C73D5029-4D48-4443-BD22-6F10E8494E1E}.Release|Any CPU.ActiveCfg = Release|Any CPU
		{C73D5029-4D48-4443-BD22-6F10E8494E1E}.Release|Any CPU.Build.0 = Release|Any CPU
		{D95A4084-65DC-48EC-9E63-6ED2A9C206C5}.Debug|Any CPU.ActiveCfg = Debug|Any CPU
		{D95A4084-65DC-48EC-9E63-6ED2A9C206C5}.Debug|Any CPU.Build.0 = Debug|Any CPU
		{D95A4084-65DC-48EC-9E63-6ED2A9C206C5}.Release|Any CPU.ActiveCfg = Release|Any CPU
		{D95A4084-65DC-48EC-9E63-6ED2A9C206C5}.Release|Any CPU.Build.0 = Release|Any CPU
	EndGlobalSection
	GlobalSection(SolutionProperties) = preSolution
		HideSolutionNode = FALSE
	EndGlobalSection
	GlobalSection(ExtensibilityGlobals) = postSolution
		SolutionGuid = {076EE922-C854-4F8C-AA0E-A0C6A6C33317}
	EndGlobalSection
EndGlobal
